
Microsoft Visual Studio Solution File, Format Version 12.00
# Visual Studio Version 17
VisualStudioVersion = 17.4.33213.308
MinimumVisualStudioVersion = 10.0.40219.1
Project("{9A19103F-16F7-4668-BE54-9A1E7A4F7556}") = "Tree", "Tree\Tree.csproj", "{49A63B66-0041-49EF-8923-3ABFB119A70B}"
EndProject
Project("{9A19103F-16F7-4668-BE54-9A1E7A4F7556}") = "Clock", "Clock\Clock.csproj", "{3D7646CE-854E-499F-B27E-7333FC57368D}"
EndProject
Global
	GlobalSection(SolutionConfigurationPlatforms) = preSolution
		Debug|Any CPU = Debug|Any CPU
		Release|Any CPU = Release|Any CPU
	EndGlobalSection
	GlobalSection(ProjectConfigurationPlatforms) = postSolution
		{49A63B66-0041-49EF-8923-3ABFB119A70B}.Debug|Any CPU.ActiveCfg = Debug|Any CPU
		{49A63B66-0041-49EF-8923-3ABFB119A70B}.Debug|Any CPU.Build.0 = Debug|Any CPU
		{49A63B66-0041-49EF-8923-3ABFB119A70B}.Release|Any CPU.ActiveCfg = Release|Any CPU
		{49A63B66-0041-49EF-8923-3ABFB119A70B}.Release|Any CPU.Build.0 = Release|Any CPU
		{3D7646CE-854E-499F-B27E-7333FC57368D}.Debug|Any CPU.ActiveCfg = Debug|Any CPU
		{3D7646CE-854E-499F-B27E-7333FC57368D}.Debug|Any CPU.Build.0 = Debug|Any CPU
		{3D7646CE-854E-499F-B27E-7333FC57368D}.Release|Any CPU.ActiveCfg = Release|Any CPU
		{3D7646CE-854E-499F-B27E-7333FC57368D}.Release|Any CPU.Build.0 = Release|Any CPU
	EndGlobalSection
	GlobalSection(SolutionProperties) = preSolution
		HideSolutionNode = FALSE
	EndGlobalSection
	GlobalSection(ExtensibilityGlobals) = postSolution
		SolutionGuid = {20241160-52FF-4A49-ACFF-317F1E235D3B}
	EndGlobalSection
EndGlobal
